
Microsoft Visual Studio Solution File, Format Version 12.00
# Visual Studio Version 17
VisualStudioVersion = 17.13.35931.197 d17.13
MinimumVisualStudioVersion = 10.0.40219.1
Project("{FAE04EC0-301F-11D3-BF4B-00C04F79EFBC}") = "SingletonPattern", "SingletonPattern\SingletonPattern.csproj", "{43CA1031-F2C7-4B8F-84F8-E575A3D2A2A9}"
EndProject
Project("{FAE04EC0-301F-11D3-BF4B-00C04F79EFBC}") = "FactoriesPattern", "FactoriesPattern\FactoriesPattern.csproj", "{7B00E69C-75F5-4AEA-9EAF-4B330BCE1227}"
EndProject
Project("{FAE04EC0-301F-11D3-BF4B-00C04F79EFBC}") = "BuilderPattern", "BuilderPattern\BuilderPattern.csproj", "{4B1F559E-F7E3-49D1-8FC0-B9775F3C2086}"
EndProject
Project("{FAE04EC0-301F-11D3-BF4B-00C04F79EFBC}") = "PrototypePattern", "PrototypePattern\PrototypePattern.csproj", "{B86109D1-DD51-4CB4-B95D-8CC4CC7FBF66}"
EndProject
Project("{FAE04EC0-301F-11D3-BF4B-00C04F79EFBC}") = "ObserverPattern", "ObserverPattern\ObserverPattern.csproj", "{44419261-ABA9-4DC3-A44E-FA31CEBDBED4}"
EndProject
Global
	GlobalSection(SolutionConfigurationPlatforms) = preSolution
		Debug|Any CPU = Debug|Any CPU
		Release|Any CPU = Release|Any CPU
	EndGlobalSection
	GlobalSection(ProjectConfigurationPlatforms) = postSolution
		{43CA1031-F2C7-4B8F-84F8-E575A3D2A2A9}.Debug|Any CPU.ActiveCfg = Debug|Any CPU
		{43CA1031-F2C7-4B8F-84F8-E575A3D2A2A9}.Debug|Any CPU.Build.0 = Debug|Any CPU
		{43CA1031-F2C7-4B8F-84F8-E575A3D2A2A9}.Release|Any CPU.ActiveCfg = Release|Any CPU
		{43CA1031-F2C7-4B8F-84F8-E575A3D2A2A9}.Release|Any CPU.Build.0 = Release|Any CPU
		{7B00E69C-75F5-4AEA-9EAF-4B330BCE1227}.Debug|Any CPU.ActiveCfg = Debug|Any CPU
		{7B00E69C-75F5-4AEA-9EAF-4B330BCE1227}.Debug|Any CPU.Build.0 = Debug|Any CPU
		{7B00E69C-75F5-4AEA-9EAF-4B330BCE1227}.Release|Any CPU.ActiveCfg = Release|Any CPU
		{7B00E69C-75F5-4AEA-9EAF-4B330BCE1227}.Release|Any CPU.Build.0 = Release|Any CPU
		{4B1F559E-F7E3-49D1-8FC0-B9775F3C2086}.Debug|Any CPU.ActiveCfg = Debug|Any CPU
		{4B1F559E-F7E3-49D1-8FC0-B9775F3C2086}.Debug|Any CPU.Build.0 = Debug|Any CPU
		{4B1F559E-F7E3-49D1-8FC0-B9775F3C2086}.Release|Any CPU.ActiveCfg = Release|Any CPU
		{4B1F559E-F7E3-49D1-8FC0-B9775F3C2086}.Release|Any CPU.Build.0 = Release|Any CPU
		{B86109D1-DD51-4CB4-B95D-8CC4CC7FBF66}.Debug|Any CPU.ActiveCfg = Debug|Any CPU
		{B86109D1-DD51-4CB4-B95D-8CC4CC7FBF66}.Debug|Any CPU.Build.0 = Debug|Any CPU
		{B86109D1-DD51-4CB4-B95D-8CC4CC7FBF66}.Release|Any CPU.ActiveCfg = Release|Any CPU
		{B86109D1-DD51-4CB4-B95D-8CC4CC7FBF66}.Release|Any CPU.Build.0 = Release|Any CPU
		{44419261-ABA9-4DC3-A44E-FA31CEBDBED4}.Debug|Any CPU.ActiveCfg = Debug|Any CPU
		{44419261-ABA9-4DC3-A44E-FA31CEBDBED4}.Debug|Any CPU.Build.0 = Debug|Any CPU
		{44419261-ABA9-4DC3-A44E-FA31CEBDBED4}.Release|Any CPU.ActiveCfg = Release|Any CPU
		{44419261-ABA9-4DC3-A44E-FA31CEBDBED4}.Release|Any CPU.Build.0 = Release|Any CPU
	EndGlobalSection
	GlobalSection(SolutionProperties) = preSolution
		HideSolutionNode = FALSE
	EndGlobalSection
	GlobalSection(ExtensibilityGlobals) = postSolution
		SolutionGuid = {3FCE099D-F9D5-475F-BAA4-28893C811764}
	EndGlobalSection
EndGlobal
