
Microsoft Visual Studio Solution File, Format Version 12.00
# Visual Studio Version 17
VisualStudioVersion = 17.13.35931.197
MinimumVisualStudioVersion = 10.0.40219.1
Project("{FAE04EC0-301F-11D3-BF4B-00C04F79EFBC}") = "FirstProject", "FirstProject\FirstProject.csproj", "{EC50CA6E-35E3-4079-B1DB-F828C35B5CD6}"
EndProject
Project("{FAE04EC0-301F-11D3-BF4B-00C04F79EFBC}") = "SecondProject", "SecondProject\SecondProject.csproj", "{6E4AC55E-7330-4E2B-9557-EC55613F2BF9}"
EndProject
Project("{FAE04EC0-301F-11D3-BF4B-00C04F79EFBC}") = "FirstDegree", "FirstDegree\FirstDegree.csproj", "{59289954-7247-40E2-9F39-745C22909078}"
EndProject
Project("{FAE04EC0-301F-11D3-BF4B-00C04F79EFBC}") = "PtBac2", "PtBac2\PtBac2.csproj", "{37E7B13A-1B37-4263-9CB4-A0B0819A2241}"
EndProject
Project("{FAE04EC0-301F-11D3-BF4B-00C04F79EFBC}") = "StringInteraction", "StringInteraction\StringInteraction.csproj", "{CC8F77F9-C2A0-4FCE-923B-17C8DD53D0C4}"
EndProject
Project("{FAE04EC0-301F-11D3-BF4B-00C04F79EFBC}") = "SimpleMath", "SimpleMath\SimpleMath.csproj", "{FBCB563E-B2B4-479C-9425-F1F551CBFF2F}"
EndProject
Project("{FAE04EC0-301F-11D3-BF4B-00C04F79EFBC}") = "RefAndOutSample", "RefAndOutSample\RefAndOutSample.csproj", "{887EE4B6-D202-4B14-AEC5-5B902F155005}"
EndProject
Project("{FAE04EC0-301F-11D3-BF4B-00C04F79EFBC}") = "TryParseSample", "TryParseSample\TryParseSample.csproj", "{DB3D57F9-43EB-4363-B0F4-52B97383A444}"
EndProject
Project("{FAE04EC0-301F-11D3-BF4B-00C04F79EFBC}") = "ParamSample", "ParamSample\ParamSample.csproj", "{58B2673D-4DC0-4EEB-8580-887CC6B04AB1}"
EndProject
Project("{FAE04EC0-301F-11D3-BF4B-00C04F79EFBC}") = "TupleSample", "TupleSample\TupleSample.csproj", "{52073158-CFF8-4403-A4D6-1512AD44F3B1}"
EndProject
Project("{FAE04EC0-301F-11D3-BF4B-00C04F79EFBC}") = "NestedLoop_Sort", "NestedLoop_Sort\NestedLoop_Sort.csproj", "{F8CE7C8E-F5DB-4589-B117-4F92391ADB46}"
EndProject
Project("{FAE04EC0-301F-11D3-BF4B-00C04F79EFBC}") = "NestedLoop_Shape", "NestedLoop_Shape\NestedLoop_Shape.csproj", "{F7CDD6A3-B95E-4C76-B3C3-26E192B7D7E9}"
EndProject
Project("{FAE04EC0-301F-11D3-BF4B-00C04F79EFBC}") = "OOP1", "OOP1\OOP1.csproj", "{7A1F70CF-64BD-49AA-8117-B23D7C4FF255}"
EndProject
Project("{FAE04EC0-301F-11D3-BF4B-00C04F79EFBC}") = "OOP2", "OOP2\OOP2.csproj", "{AE469173-2A95-48C0-B78B-85C86982D1F8}"
EndProject
Project("{FAE04EC0-301F-11D3-BF4B-00C04F79EFBC}") = "OOP3_ExtensionMethod", "OOP3_ExtensionMethod\OOP3_ExtensionMethod.csproj", "{ACB6EBE3-B6AB-4F45-B3D3-EC4C6E790926}"
EndProject
Project("{FAE04EC0-301F-11D3-BF4B-00C04F79EFBC}") = "OOP4_Reuse_OOP2", "OOP4_Reuse_OOP2\OOP4_Reuse_OOP2.csproj", "{FF682101-886A-49FC-92A7-FD2146C9DB4A}"
EndProject
Project("{FAE04EC0-301F-11D3-BF4B-00C04F79EFBC}") = "OOP5_Generic_List", "OOP5_Generic_List\OOP5_Generic_List.csproj", "{1C983810-31BE-4060-B5FE-BE287BC02C66}"
EndProject
Project("{FAE04EC0-301F-11D3-BF4B-00C04F79EFBC}") = "OOP6_Dictionary", "OOP6_Dictionary\OOP6_Dictionary.csproj", "{06A03E26-CB56-451B-88E9-21C8F915652A}"
EndProject
Project("{FAE04EC0-301F-11D3-BF4B-00C04F79EFBC}") = "BuilderPattern", "BuilderPattern\BuilderPattern.csproj", "{044DE341-433F-5702-4D82-2BB3FD3832E3}"
EndProject
Project("{FAE04EC0-301F-11D3-BF4B-00C04F79EFBC}") = "FactoriesPattern", "FactoriesPattern\FactoriesPattern.csproj", "{15ADFCBE-9B56-7B0A-7AE5-771D29B1F4C9}"
EndProject
Project("{FAE04EC0-301F-11D3-BF4B-00C04F79EFBC}") = "PrototypePattern", "PrototypePattern\PrototypePattern.csproj", "{92C92FD4-253A-352A-CA1D-8ACA5E5F3868}"
EndProject
Project("{FAE04EC0-301F-11D3-BF4B-00C04F79EFBC}") = "SingletonPattern", "SingletonPattern\SingletonPattern.csproj", "{FABC0CC8-7E79-3D9B-8D56-17C4207BB104}"
EndProject
Project("{FAE04EC0-301F-11D3-BF4B-00C04F79EFBC}") = "ObserverPattern", "ObserverPattern\ObserverPattern.csproj", "{FEBF851F-917B-C45E-D2B8-7873FE9FDB40}"
EndProject
Project("{FAE04EC0-301F-11D3-BF4B-00C04F79EFBC}") = "DemoAlias", "DemoAlias\DemoAlias.csproj", "{819D42E2-98A7-443D-ACB1-2148B4680949}"
EndProject
Project("{2150E333-8FDC-42A3-9474-1A3956D46DE8}") = "Chapter6", "Chapter6", "{02EA681E-C7D8-13C7-8484-4AC65E1B71E8}"
EndProject
Project("{FAE04EC0-301F-11D3-BF4B-00C04F79EFBC}") = "DemoDelegate", "DemoDelegate\DemoDelegate.csproj", "{5BF071CE-D33A-4CC2-9A24-FC968BCE5468}"
EndProject
Project("{FAE04EC0-301F-11D3-BF4B-00C04F79EFBC}") = "DemoLinQToObject", "DemoLinQToObject\DemoLinQToObject.csproj", "{EEE34E6F-ADFA-44BF-BEFD-6AA9EED59758}"
EndProject
Project("{FAE04EC0-301F-11D3-BF4B-00C04F79EFBC}") = "DemoLinQToObjectModelClass", "DemoLinQToObjectModelClass\DemoLinQToObjectModelClass.csproj", "{F550E2C4-FCFD-438F-A4D5-077B8BDEFF27}"
EndProject
Project("{FAE04EC0-301F-11D3-BF4B-00C04F79EFBC}") = "DemoLinQToSQL", "DemoLinQToSQL\DemoLinQToSQL.csproj", "{FA37FB16-0160-490D-9052-33B7D2B6A2B6}"
EndProject
Project("{2150E333-8FDC-42A3-9474-1A3956D46DE8}") = "Chapter7", "Chapter7", "{E7EEF7F0-A0BB-43BD-90D1-52A1D898DB71}"
EndProject
Project("{FAE04EC0-301F-11D3-BF4B-00C04F79EFBC}") = "HelloWPFApp", "HelloWPFApp\HelloWPFApp.csproj", "{BEFCA08E-4307-493D-9ABE-3EF5E2C29476}"
EndProject
Project("{FAE04EC0-301F-11D3-BF4B-00C04F79EFBC}") = "ButtonControl_TongHop", "ButtonControl_TongHop\ButtonControl_TongHop.csproj", "{248541EB-4018-4546-B27D-D8EFD282B4C9}"
EndProject
Project("{FAE04EC0-301F-11D3-BF4B-00C04F79EFBC}") = "CheckBoxControlEvent", "CheckBoxControlEvent\CheckBoxControlEvent.csproj", "{2133E8E2-AFDE-45A9-923B-E21451ADDFC3}"
EndProject
Project("{FAE04EC0-301F-11D3-BF4B-00C04F79EFBC}") = "RadioButtonControl", "RadioButtonControl\RadioButtonControl.csproj", "{C0F8266E-B0DA-4440-842A-40A723ABB734}"
EndProject
Global
	GlobalSection(SolutionConfigurationPlatforms) = preSolution
		Debug|Any CPU = Debug|Any CPU
		Release|Any CPU = Release|Any CPU
	EndGlobalSection
	GlobalSection(ProjectConfigurationPlatforms) = postSolution
		{EC50CA6E-35E3-4079-B1DB-F828C35B5CD6}.Debug|Any CPU.ActiveCfg = Debug|Any CPU
		{EC50CA6E-35E3-4079-B1DB-F828C35B5CD6}.Debug|Any CPU.Build.0 = Debug|Any CPU
		{EC50CA6E-35E3-4079-B1DB-F828C35B5CD6}.Release|Any CPU.ActiveCfg = Release|Any CPU
		{EC50CA6E-35E3-4079-B1DB-F828C35B5CD6}.Release|Any CPU.Build.0 = Release|Any CPU
		{6E4AC55E-7330-4E2B-9557-EC55613F2BF9}.Debug|Any CPU.ActiveCfg = Debug|Any CPU
		{6E4AC55E-7330-4E2B-9557-EC55613F2BF9}.Debug|Any CPU.Build.0 = Debug|Any CPU
		{6E4AC55E-7330-4E2B-9557-EC55613F2BF9}.Release|Any CPU.ActiveCfg = Release|Any CPU
		{6E4AC55E-7330-4E2B-9557-EC55613F2BF9}.Release|Any CPU.Build.0 = Release|Any CPU
		{59289954-7247-40E2-9F39-745C22909078}.Debug|Any CPU.ActiveCfg = Debug|Any CPU
		{59289954-7247-40E2-9F39-745C22909078}.Debug|Any CPU.Build.0 = Debug|Any CPU
		{59289954-7247-40E2-9F39-745C22909078}.Release|Any CPU.ActiveCfg = Release|Any CPU
		{59289954-7247-40E2-9F39-745C22909078}.Release|Any CPU.Build.0 = Release|Any CPU
		{37E7B13A-1B37-4263-9CB4-A0B0819A2241}.Debug|Any CPU.ActiveCfg = Debug|Any CPU
		{37E7B13A-1B37-4263-9CB4-A0B0819A2241}.Debug|Any CPU.Build.0 = Debug|Any CPU
		{37E7B13A-1B37-4263-9CB4-A0B0819A2241}.Release|Any CPU.ActiveCfg = Release|Any CPU
		{37E7B13A-1B37-4263-9CB4-A0B0819A2241}.Release|Any CPU.Build.0 = Release|Any CPU
		{CC8F77F9-C2A0-4FCE-923B-17C8DD53D0C4}.Debug|Any CPU.ActiveCfg = Debug|Any CPU
		{CC8F77F9-C2A0-4FCE-923B-17C8DD53D0C4}.Debug|Any CPU.Build.0 = Debug|Any CPU
		{CC8F77F9-C2A0-4FCE-923B-17C8DD53D0C4}.Release|Any CPU.ActiveCfg = Release|Any CPU
		{CC8F77F9-C2A0-4FCE-923B-17C8DD53D0C4}.Release|Any CPU.Build.0 = Release|Any CPU
		{FBCB563E-B2B4-479C-9425-F1F551CBFF2F}.Debug|Any CPU.ActiveCfg = Debug|Any CPU
		{FBCB563E-B2B4-479C-9425-F1F551CBFF2F}.Debug|Any CPU.Build.0 = Debug|Any CPU
		{FBCB563E-B2B4-479C-9425-F1F551CBFF2F}.Release|Any CPU.ActiveCfg = Release|Any CPU
		{FBCB563E-B2B4-479C-9425-F1F551CBFF2F}.Release|Any CPU.Build.0 = Release|Any CPU
		{887EE4B6-D202-4B14-AEC5-5B902F155005}.Debug|Any CPU.ActiveCfg = Debug|Any CPU
		{887EE4B6-D202-4B14-AEC5-5B902F155005}.Debug|Any CPU.Build.0 = Debug|Any CPU
		{887EE4B6-D202-4B14-AEC5-5B902F155005}.Release|Any CPU.ActiveCfg = Release|Any CPU
		{887EE4B6-D202-4B14-AEC5-5B902F155005}.Release|Any CPU.Build.0 = Release|Any CPU
		{DB3D57F9-43EB-4363-B0F4-52B97383A444}.Debug|Any CPU.ActiveCfg = Debug|Any CPU
		{DB3D57F9-43EB-4363-B0F4-52B97383A444}.Debug|Any CPU.Build.0 = Debug|Any CPU
		{DB3D57F9-43EB-4363-B0F4-52B97383A444}.Release|Any CPU.ActiveCfg = Release|Any CPU
		{DB3D57F9-43EB-4363-B0F4-52B97383A444}.Release|Any CPU.Build.0 = Release|Any CPU
		{58B2673D-4DC0-4EEB-8580-887CC6B04AB1}.Debug|Any CPU.ActiveCfg = Debug|Any CPU
		{58B2673D-4DC0-4EEB-8580-887CC6B04AB1}.Debug|Any CPU.Build.0 = Debug|Any CPU
		{58B2673D-4DC0-4EEB-8580-887CC6B04AB1}.Release|Any CPU.ActiveCfg = Release|Any CPU
		{58B2673D-4DC0-4EEB-8580-887CC6B04AB1}.Release|Any CPU.Build.0 = Release|Any CPU
		{52073158-CFF8-4403-A4D6-1512AD44F3B1}.Debug|Any CPU.ActiveCfg = Debug|Any CPU
		{52073158-CFF8-4403-A4D6-1512AD44F3B1}.Debug|Any CPU.Build.0 = Debug|Any CPU
		{52073158-CFF8-4403-A4D6-1512AD44F3B1}.Release|Any CPU.ActiveCfg = Release|Any CPU
		{52073158-CFF8-4403-A4D6-1512AD44F3B1}.Release|Any CPU.Build.0 = Release|Any CPU
		{F8CE7C8E-F5DB-4589-B117-4F92391ADB46}.Debug|Any CPU.ActiveCfg = Debug|Any CPU
		{F8CE7C8E-F5DB-4589-B117-4F92391ADB46}.Debug|Any CPU.Build.0 = Debug|Any CPU
		{F8CE7C8E-F5DB-4589-B117-4F92391ADB46}.Release|Any CPU.ActiveCfg = Release|Any CPU
		{F8CE7C8E-F5DB-4589-B117-4F92391ADB46}.Release|Any CPU.Build.0 = Release|Any CPU
		{F7CDD6A3-B95E-4C76-B3C3-26E192B7D7E9}.Debug|Any CPU.ActiveCfg = Debug|Any CPU
		{F7CDD6A3-B95E-4C76-B3C3-26E192B7D7E9}.Debug|Any CPU.Build.0 = Debug|Any CPU
		{F7CDD6A3-B95E-4C76-B3C3-26E192B7D7E9}.Release|Any CPU.ActiveCfg = Release|Any CPU
		{F7CDD6A3-B95E-4C76-B3C3-26E192B7D7E9}.Release|Any CPU.Build.0 = Release|Any CPU
		{7A1F70CF-64BD-49AA-8117-B23D7C4FF255}.Debug|Any CPU.ActiveCfg = Debug|Any CPU
		{7A1F70CF-64BD-49AA-8117-B23D7C4FF255}.Debug|Any CPU.Build.0 = Debug|Any CPU
		{7A1F70CF-64BD-49AA-8117-B23D7C4FF255}.Release|Any CPU.ActiveCfg = Release|Any CPU
		{7A1F70CF-64BD-49AA-8117-B23D7C4FF255}.Release|Any CPU.Build.0 = Release|Any CPU
		{AE469173-2A95-48C0-B78B-85C86982D1F8}.Debug|Any CPU.ActiveCfg = Debug|Any CPU
		{AE469173-2A95-48C0-B78B-85C86982D1F8}.Debug|Any CPU.Build.0 = Debug|Any CPU
		{AE469173-2A95-48C0-B78B-85C86982D1F8}.Release|Any CPU.ActiveCfg = Release|Any CPU
		{AE469173-2A95-48C0-B78B-85C86982D1F8}.Release|Any CPU.Build.0 = Release|Any CPU
		{ACB6EBE3-B6AB-4F45-B3D3-EC4C6E790926}.Debug|Any CPU.ActiveCfg = Debug|Any CPU
		{ACB6EBE3-B6AB-4F45-B3D3-EC4C6E790926}.Debug|Any CPU.Build.0 = Debug|Any CPU
		{ACB6EBE3-B6AB-4F45-B3D3-EC4C6E790926}.Release|Any CPU.ActiveCfg = Release|Any CPU
		{ACB6EBE3-B6AB-4F45-B3D3-EC4C6E790926}.Release|Any CPU.Build.0 = Release|Any CPU
		{FF682101-886A-49FC-92A7-FD2146C9DB4A}.Debug|Any CPU.ActiveCfg = Debug|Any CPU
		{FF682101-886A-49FC-92A7-FD2146C9DB4A}.Debug|Any CPU.Build.0 = Debug|Any CPU
		{FF682101-886A-49FC-92A7-FD2146C9DB4A}.Release|Any CPU.ActiveCfg = Release|Any CPU
		{FF682101-886A-49FC-92A7-FD2146C9DB4A}.Release|Any CPU.Build.0 = Release|Any CPU
		{1C983810-31BE-4060-B5FE-BE287BC02C66}.Debug|Any CPU.ActiveCfg = Debug|Any CPU
		{1C983810-31BE-4060-B5FE-BE287BC02C66}.Debug|Any CPU.Build.0 = Debug|Any CPU
		{1C983810-31BE-4060-B5FE-BE287BC02C66}.Release|Any CPU.ActiveCfg = Release|Any CPU
		{1C983810-31BE-4060-B5FE-BE287BC02C66}.Release|Any CPU.Build.0 = Release|Any CPU
		{06A03E26-CB56-451B-88E9-21C8F915652A}.Debug|Any CPU.ActiveCfg = Debug|Any CPU
		{06A03E26-CB56-451B-88E9-21C8F915652A}.Debug|Any CPU.Build.0 = Debug|Any CPU
		{06A03E26-CB56-451B-88E9-21C8F915652A}.Release|Any CPU.ActiveCfg = Release|Any CPU
		{06A03E26-CB56-451B-88E9-21C8F915652A}.Release|Any CPU.Build.0 = Release|Any CPU
		{044DE341-433F-5702-4D82-2BB3FD3832E3}.Debug|Any CPU.ActiveCfg = Debug|Any CPU
		{044DE341-433F-5702-4D82-2BB3FD3832E3}.Debug|Any CPU.Build.0 = Debug|Any CPU
		{044DE341-433F-5702-4D82-2BB3FD3832E3}.Release|Any CPU.ActiveCfg = Release|Any CPU
		{044DE341-433F-5702-4D82-2BB3FD3832E3}.Release|Any CPU.Build.0 = Release|Any CPU
		{15ADFCBE-9B56-7B0A-7AE5-771D29B1F4C9}.Debug|Any CPU.ActiveCfg = Debug|Any CPU
		{15ADFCBE-9B56-7B0A-7AE5-771D29B1F4C9}.Debug|Any CPU.Build.0 = Debug|Any CPU
		{15ADFCBE-9B56-7B0A-7AE5-771D29B1F4C9}.Release|Any CPU.ActiveCfg = Release|Any CPU
		{15ADFCBE-9B56-7B0A-7AE5-771D29B1F4C9}.Release|Any CPU.Build.0 = Release|Any CPU
		{92C92FD4-253A-352A-CA1D-8ACA5E5F3868}.Debug|Any CPU.ActiveCfg = Debug|Any CPU
		{92C92FD4-253A-352A-CA1D-8ACA5E5F3868}.Debug|Any CPU.Build.0 = Debug|Any CPU
		{92C92FD4-253A-352A-CA1D-8ACA5E5F3868}.Release|Any CPU.ActiveCfg = Release|Any CPU
		{92C92FD4-253A-352A-CA1D-8ACA5E5F3868}.Release|Any CPU.Build.0 = Release|Any CPU
		{FABC0CC8-7E79-3D9B-8D56-17C4207BB104}.Debug|Any CPU.ActiveCfg = Debug|Any CPU
		{FABC0CC8-7E79-3D9B-8D56-17C4207BB104}.Debug|Any CPU.Build.0 = Debug|Any CPU
		{FABC0CC8-7E79-3D9B-8D56-17C4207BB104}.Release|Any CPU.ActiveCfg = Release|Any CPU
		{FABC0CC8-7E79-3D9B-8D56-17C4207BB104}.Release|Any CPU.Build.0 = Release|Any CPU
		{FEBF851F-917B-C45E-D2B8-7873FE9FDB40}.Debug|Any CPU.ActiveCfg = Debug|Any CPU
		{FEBF851F-917B-C45E-D2B8-7873FE9FDB40}.Debug|Any CPU.Build.0 = Debug|Any CPU
		{FEBF851F-917B-C45E-D2B8-7873FE9FDB40}.Release|Any CPU.ActiveCfg = Release|Any CPU
		{FEBF851F-917B-C45E-D2B8-7873FE9FDB40}.Release|Any CPU.Build.0 = Release|Any CPU
		{819D42E2-98A7-443D-ACB1-2148B4680949}.Debug|Any CPU.ActiveCfg = Debug|Any CPU
		{819D42E2-98A7-443D-ACB1-2148B4680949}.Debug|Any CPU.Build.0 = Debug|Any CPU
		{819D42E2-98A7-443D-ACB1-2148B4680949}.Release|Any CPU.ActiveCfg = Release|Any CPU
		{819D42E2-98A7-443D-ACB1-2148B4680949}.Release|Any CPU.Build.0 = Release|Any CPU
		{5BF071CE-D33A-4CC2-9A24-FC968BCE5468}.Debug|Any CPU.ActiveCfg = Debug|Any CPU
		{5BF071CE-D33A-4CC2-9A24-FC968BCE5468}.Debug|Any CPU.Build.0 = Debug|Any CPU
		{5BF071CE-D33A-4CC2-9A24-FC968BCE5468}.Release|Any CPU.ActiveCfg = Release|Any CPU
		{5BF071CE-D33A-4CC2-9A24-FC968BCE5468}.Release|Any CPU.Build.0 = Release|Any CPU
		{EEE34E6F-ADFA-44BF-BEFD-6AA9EED59758}.Debug|Any CPU.ActiveCfg = Debug|Any CPU
		{EEE34E6F-ADFA-44BF-BEFD-6AA9EED59758}.Debug|Any CPU.Build.0 = Debug|Any CPU
		{EEE34E6F-ADFA-44BF-BEFD-6AA9EED59758}.Release|Any CPU.ActiveCfg = Release|Any CPU
		{EEE34E6F-ADFA-44BF-BEFD-6AA9EED59758}.Release|Any CPU.Build.0 = Release|Any CPU
		{F550E2C4-FCFD-438F-A4D5-077B8BDEFF27}.Debug|Any CPU.ActiveCfg = Debug|Any CPU
		{F550E2C4-FCFD-438F-A4D5-077B8BDEFF27}.Debug|Any CPU.Build.0 = Debug|Any CPU
		{F550E2C4-FCFD-438F-A4D5-077B8BDEFF27}.Release|Any CPU.ActiveCfg = Release|Any CPU
		{F550E2C4-FCFD-438F-A4D5-077B8BDEFF27}.Release|Any CPU.Build.0 = Release|Any CPU
		{FA37FB16-0160-490D-9052-33B7D2B6A2B6}.Debug|Any CPU.ActiveCfg = Debug|Any CPU
		{FA37FB16-0160-490D-9052-33B7D2B6A2B6}.Debug|Any CPU.Build.0 = Debug|Any CPU
		{FA37FB16-0160-490D-9052-33B7D2B6A2B6}.Release|Any CPU.ActiveCfg = Release|Any CPU
		{FA37FB16-0160-490D-9052-33B7D2B6A2B6}.Release|Any CPU.Build.0 = Release|Any CPU
		{BEFCA08E-4307-493D-9ABE-3EF5E2C29476}.Debug|Any CPU.ActiveCfg = Debug|Any CPU
		{BEFCA08E-4307-493D-9ABE-3EF5E2C29476}.Debug|Any CPU.Build.0 = Debug|Any CPU
		{BEFCA08E-4307-493D-9ABE-3EF5E2C29476}.Release|Any CPU.ActiveCfg = Release|Any CPU
		{BEFCA08E-4307-493D-9ABE-3EF5E2C29476}.Release|Any CPU.Build.0 = Release|Any CPU
		{248541EB-4018-4546-B27D-D8EFD282B4C9}.Debug|Any CPU.ActiveCfg = Debug|Any CPU
		{248541EB-4018-4546-B27D-D8EFD282B4C9}.Debug|Any CPU.Build.0 = Debug|Any CPU
		{248541EB-4018-4546-B27D-D8EFD282B4C9}.Release|Any CPU.ActiveCfg = Release|Any CPU
		{248541EB-4018-4546-B27D-D8EFD282B4C9}.Release|Any CPU.Build.0 = Release|Any CPU
		{2133E8E2-AFDE-45A9-923B-E21451ADDFC3}.Debug|Any CPU.ActiveCfg = Debug|Any CPU
		{2133E8E2-AFDE-45A9-923B-E21451ADDFC3}.Debug|Any CPU.Build.0 = Debug|Any CPU
		{2133E8E2-AFDE-45A9-923B-E21451ADDFC3}.Release|Any CPU.ActiveCfg = Release|Any CPU
		{2133E8E2-AFDE-45A9-923B-E21451ADDFC3}.Release|Any CPU.Build.0 = Release|Any CPU
		{C0F8266E-B0DA-4440-842A-40A723ABB734}.Debug|Any CPU.ActiveCfg = Debug|Any CPU
		{C0F8266E-B0DA-4440-842A-40A723ABB734}.Debug|Any CPU.Build.0 = Debug|Any CPU
		{C0F8266E-B0DA-4440-842A-40A723ABB734}.Release|Any CPU.ActiveCfg = Release|Any CPU
		{C0F8266E-B0DA-4440-842A-40A723ABB734}.Release|Any CPU.Build.0 = Release|Any CPU
	EndGlobalSection
	GlobalSection(SolutionProperties) = preSolution
		HideSolutionNode = FALSE
	EndGlobalSection
	GlobalSection(NestedProjects) = preSolution
		{5BF071CE-D33A-4CC2-9A24-FC968BCE5468} = {02EA681E-C7D8-13C7-8484-4AC65E1B71E8}
		{EEE34E6F-ADFA-44BF-BEFD-6AA9EED59758} = {02EA681E-C7D8-13C7-8484-4AC65E1B71E8}
		{F550E2C4-FCFD-438F-A4D5-077B8BDEFF27} = {02EA681E-C7D8-13C7-8484-4AC65E1B71E8}
		{FA37FB16-0160-490D-9052-33B7D2B6A2B6} = {02EA681E-C7D8-13C7-8484-4AC65E1B71E8}
		{BEFCA08E-4307-493D-9ABE-3EF5E2C29476} = {E7EEF7F0-A0BB-43BD-90D1-52A1D898DB71}
		{248541EB-4018-4546-B27D-D8EFD282B4C9} = {E7EEF7F0-A0BB-43BD-90D1-52A1D898DB71}
		{2133E8E2-AFDE-45A9-923B-E21451ADDFC3} = {E7EEF7F0-A0BB-43BD-90D1-52A1D898DB71}
		{C0F8266E-B0DA-4440-842A-40A723ABB734} = {E7EEF7F0-A0BB-43BD-90D1-52A1D898DB71}
	EndGlobalSection
	GlobalSection(ExtensibilityGlobals) = postSolution
		SolutionGuid = {FB97B0FA-3488-4C3B-9553-C516CE58E844}
	EndGlobalSection
EndGlobal
